
Microsoft Visual Studio Solution File, Format Version 12.00
# Visual Studio Version 16
VisualStudioVersion = 16.0.31129.286
MinimumVisualStudioVersion = 10.0.40219.1
Project("{FAE04EC0-301F-11D3-BF4B-00C04F79EFBC}") = "WpfApp Step Ders 25 Aprel", "WpfApp Step Ders 25 Aprel\WpfApp Step Ders 25 Aprel.csproj", "{CA76B569-0F36-4170-9700-841A5C3F5D17}"
EndProject
Global
	GlobalSection(SolutionConfigurationPlatforms) = preSolution
		Debug|Any CPU = Debug|Any CPU
		Release|Any CPU = Release|Any CPU
	EndGlobalSection
	GlobalSection(ProjectConfigurationPlatforms) = postSolution
		{CA76B569-0F36-4170-9700-841A5C3F5D17}.Debug|Any CPU.ActiveCfg = Debug|Any CPU
		{CA76B569-0F36-4170-9700-841A5C3F5D17}.Debug|Any CPU.Build.0 = Debug|Any CPU
		{CA76B569-0F36-4170-9700-841A5C3F5D17}.Release|Any CPU.ActiveCfg = Release|Any CPU
		{CA76B569-0F36-4170-9700-841A5C3F5D17}.Release|Any CPU.Build.0 = Release|Any CPU
	EndGlobalSection
	GlobalSection(SolutionProperties) = preSolution
		HideSolutionNode = FALSE
	EndGlobalSection
	GlobalSection(ExtensibilityGlobals) = postSolution
		SolutionGuid = {86FCF794-288A-4D2F-AD61-85DE21D54E20}
	EndGlobalSection
EndGlobal
